
Microsoft Visual Studio Solution File, Format Version 12.00
# Visual Studio 15
VisualStudioVersion = 15.0.26430.14
MinimumVisualStudioVersion = 10.0.40219.1
Project("{FAE04EC0-301F-11D3-BF4B-00C04F79EFBC}") = "NetDLims", "NetDLims\NetDLims\NetDLims.csproj", "{17A624C8-2439-41B2-9E89-8B8D32B93D1A}"
EndProject
Project("{FAE04EC0-301F-11D3-BF4B-00C04F79EFBC}") = "IMClient", "IMClient\IMClient.csproj", "{7CA80403-F590-4DD6-B481-64219093F4C9}"
EndProject
Project("{FAE04EC0-301F-11D3-BF4B-00C04F79EFBC}") = "IMCore", "IMCore\IMCore.csproj", "{D8945BC9-53A7-41B2-BDEE-96BB67D2EDAD}"
EndProject
Project("{FAE04EC0-301F-11D3-BF4B-00C04F79EFBC}") = "JustLib", "JustLib\JustLib.csproj", "{7C7C0D8E-4595-42E4-810D-87F2DF1D7AE6}"
EndProject
Project("{FAE04EC0-301F-11D3-BF4B-00C04F79EFBC}") = "Common", "Common\Common.csproj", "{3FECA61E-5EE0-4C1C-87B7-F561E52F8B4F}"
EndProject
Project("{FAE04EC0-301F-11D3-BF4B-00C04F79EFBC}") = "CaptureImageTool", "CaptureImageTool\CaptureImageTool.csproj", "{13E62362-5D00-418F-83FF-99B2699746D7}"
EndProject
Project("{FAE04EC0-301F-11D3-BF4B-00C04F79EFBC}") = "CustomControls", "CustomControls\CustomControls.csproj", "{5B85E2D7-2005-4496-B5D7-59C68A1EC91D}"
EndProject
Project("{FAE04EC0-301F-11D3-BF4B-00C04F79EFBC}") = "TestDemo", "TestDemo\TestDemo.csproj", "{3352012E-4C2B-41E0-8254-41B8FF8719BD}"
EndProject
Project("{FAE04EC0-301F-11D3-BF4B-00C04F79EFBC}") = "Entity", "Entity\Entity.csproj", "{01CAA527-3191-45EE-B28B-3FAA8DEDC69A}"
EndProject
Global
	GlobalSection(SolutionConfigurationPlatforms) = preSolution
		Debug|Any CPU = Debug|Any CPU
		Debug|ARM = Debug|ARM
		Debug|x64 = Debug|x64
		Debug|x86 = Debug|x86
		Release|Any CPU = Release|Any CPU
		Release|ARM = Release|ARM
		Release|x64 = Release|x64
		Release|x86 = Release|x86
	EndGlobalSection
	GlobalSection(ProjectConfigurationPlatforms) = postSolution
		{17A624C8-2439-41B2-9E89-8B8D32B93D1A}.Debug|Any CPU.ActiveCfg = Debug|Any CPU
		{17A624C8-2439-41B2-9E89-8B8D32B93D1A}.Debug|Any CPU.Build.0 = Debug|Any CPU
		{17A624C8-2439-41B2-9E89-8B8D32B93D1A}.Debug|ARM.ActiveCfg = Debug|Any CPU
		{17A624C8-2439-41B2-9E89-8B8D32B93D1A}.Debug|ARM.Build.0 = Debug|Any CPU
		{17A624C8-2439-41B2-9E89-8B8D32B93D1A}.Debug|x64.ActiveCfg = Debug|x64
		{17A624C8-2439-41B2-9E89-8B8D32B93D1A}.Debug|x64.Build.0 = Debug|x64
		{17A624C8-2439-41B2-9E89-8B8D32B93D1A}.Debug|x86.ActiveCfg = Debug|x86
		{17A624C8-2439-41B2-9E89-8B8D32B93D1A}.Debug|x86.Build.0 = Debug|x86
		{17A624C8-2439-41B2-9E89-8B8D32B93D1A}.Release|Any CPU.ActiveCfg = Release|Any CPU
		{17A624C8-2439-41B2-9E89-8B8D32B93D1A}.Release|Any CPU.Build.0 = Release|Any CPU
		{17A624C8-2439-41B2-9E89-8B8D32B93D1A}.Release|ARM.ActiveCfg = Release|Any CPU
		{17A624C8-2439-41B2-9E89-8B8D32B93D1A}.Release|ARM.Build.0 = Release|Any CPU
		{17A624C8-2439-41B2-9E89-8B8D32B93D1A}.Release|x64.ActiveCfg = Release|x64
		{17A624C8-2439-41B2-9E89-8B8D32B93D1A}.Release|x64.Build.0 = Release|x64
		{17A624C8-2439-41B2-9E89-8B8D32B93D1A}.Release|x86.ActiveCfg = Release|x86
		{17A624C8-2439-41B2-9E89-8B8D32B93D1A}.Release|x86.Build.0 = Release|x86
		{7CA80403-F590-4DD6-B481-64219093F4C9}.Debug|Any CPU.ActiveCfg = Debug|Any CPU
		{7CA80403-F590-4DD6-B481-64219093F4C9}.Debug|Any CPU.Build.0 = Debug|Any CPU
		{7CA80403-F590-4DD6-B481-64219093F4C9}.Debug|ARM.ActiveCfg = Debug|Any CPU
		{7CA80403-F590-4DD6-B481-64219093F4C9}.Debug|ARM.Build.0 = Debug|Any CPU
		{7CA80403-F590-4DD6-B481-64219093F4C9}.Debug|x64.ActiveCfg = Debug|x64
		{7CA80403-F590-4DD6-B481-64219093F4C9}.Debug|x64.Build.0 = Debug|x64
		{7CA80403-F590-4DD6-B481-64219093F4C9}.Debug|x86.ActiveCfg = Debug|x86
		{7CA80403-F590-4DD6-B481-64219093F4C9}.Debug|x86.Build.0 = Debug|x86
		{7CA80403-F590-4DD6-B481-64219093F4C9}.Release|Any CPU.ActiveCfg = Release|Any CPU
		{7CA80403-F590-4DD6-B481-64219093F4C9}.Release|Any CPU.Build.0 = Release|Any CPU
		{7CA80403-F590-4DD6-B481-64219093F4C9}.Release|ARM.ActiveCfg = Release|Any CPU
		{7CA80403-F590-4DD6-B481-64219093F4C9}.Release|ARM.Build.0 = Release|Any CPU
		{7CA80403-F590-4DD6-B481-64219093F4C9}.Release|x64.ActiveCfg = Release|x64
		{7CA80403-F590-4DD6-B481-64219093F4C9}.Release|x64.Build.0 = Release|x64
		{7CA80403-F590-4DD6-B481-64219093F4C9}.Release|x86.ActiveCfg = Release|x86
		{7CA80403-F590-4DD6-B481-64219093F4C9}.Release|x86.Build.0 = Release|x86
		{D8945BC9-53A7-41B2-BDEE-96BB67D2EDAD}.Debug|Any CPU.ActiveCfg = Debug|Any CPU
		{D8945BC9-53A7-41B2-BDEE-96BB67D2EDAD}.Debug|Any CPU.Build.0 = Debug|Any CPU
		{D8945BC9-53A7-41B2-BDEE-96BB67D2EDAD}.Debug|ARM.ActiveCfg = Debug|Any CPU
		{D8945BC9-53A7-41B2-BDEE-96BB67D2EDAD}.Debug|ARM.Build.0 = Debug|Any CPU
		{D8945BC9-53A7-41B2-BDEE-96BB67D2EDAD}.Debug|x64.ActiveCfg = Debug|Any CPU
		{D8945BC9-53A7-41B2-BDEE-96BB67D2EDAD}.Debug|x64.Build.0 = Debug|Any CPU
		{D8945BC9-53A7-41B2-BDEE-96BB67D2EDAD}.Debug|x86.ActiveCfg = Debug|Any CPU
		{D8945BC9-53A7-41B2-BDEE-96BB67D2EDAD}.Debug|x86.Build.0 = Debug|Any CPU
		{D8945BC9-53A7-41B2-BDEE-96BB67D2EDAD}.Release|Any CPU.ActiveCfg = Release|Any CPU
		{D8945BC9-53A7-41B2-BDEE-96BB67D2EDAD}.Release|Any CPU.Build.0 = Release|Any CPU
		{D8945BC9-53A7-41B2-BDEE-96BB67D2EDAD}.Release|ARM.ActiveCfg = Release|Any CPU
		{D8945BC9-53A7-41B2-BDEE-96BB67D2EDAD}.Release|ARM.Build.0 = Release|Any CPU
		{D8945BC9-53A7-41B2-BDEE-96BB67D2EDAD}.Release|x64.ActiveCfg = Release|Any CPU
		{D8945BC9-53A7-41B2-BDEE-96BB67D2EDAD}.Release|x64.Build.0 = Release|Any CPU
		{D8945BC9-53A7-41B2-BDEE-96BB67D2EDAD}.Release|x86.ActiveCfg = Release|Any CPU
		{D8945BC9-53A7-41B2-BDEE-96BB67D2EDAD}.Release|x86.Build.0 = Release|Any CPU
		{7C7C0D8E-4595-42E4-810D-87F2DF1D7AE6}.Debug|Any CPU.ActiveCfg = Debug|Any CPU
		{7C7C0D8E-4595-42E4-810D-87F2DF1D7AE6}.Debug|Any CPU.Build.0 = Debug|Any CPU
		{7C7C0D8E-4595-42E4-810D-87F2DF1D7AE6}.Debug|ARM.ActiveCfg = Debug|Any CPU
		{7C7C0D8E-4595-42E4-810D-87F2DF1D7AE6}.Debug|ARM.Build.0 = Debug|Any CPU
		{7C7C0D8E-4595-42E4-810D-87F2DF1D7AE6}.Debug|x64.ActiveCfg = Debug|Any CPU
		{7C7C0D8E-4595-42E4-810D-87F2DF1D7AE6}.Debug|x64.Build.0 = Debug|Any CPU
		{7C7C0D8E-4595-42E4-810D-87F2DF1D7AE6}.Debug|x86.ActiveCfg = Debug|Any CPU
		{7C7C0D8E-4595-42E4-810D-87F2DF1D7AE6}.Debug|x86.Build.0 = Debug|Any CPU
		{7C7C0D8E-4595-42E4-810D-87F2DF1D7AE6}.Release|Any CPU.ActiveCfg = Release|Any CPU
		{7C7C0D8E-4595-42E4-810D-87F2DF1D7AE6}.Release|Any CPU.Build.0 = Release|Any CPU
		{7C7C0D8E-4595-42E4-810D-87F2DF1D7AE6}.Release|ARM.ActiveCfg = Release|Any CPU
		{7C7C0D8E-4595-42E4-810D-87F2DF1D7AE6}.Release|ARM.Build.0 = Release|Any CPU
		{7C7C0D8E-4595-42E4-810D-87F2DF1D7AE6}.Release|x64.ActiveCfg = Release|Any CPU
		{7C7C0D8E-4595-42E4-810D-87F2DF1D7AE6}.Release|x64.Build.0 = Release|Any CPU
		{7C7C0D8E-4595-42E4-810D-87F2DF1D7AE6}.Release|x86.ActiveCfg = Release|Any CPU
		{7C7C0D8E-4595-42E4-810D-87F2DF1D7AE6}.Release|x86.Build.0 = Release|Any CPU
		{3FECA61E-5EE0-4C1C-87B7-F561E52F8B4F}.Debug|Any CPU.ActiveCfg = Debug|Any CPU
		{3FECA61E-5EE0-4C1C-87B7-F561E52F8B4F}.Debug|Any CPU.Build.0 = Debug|Any CPU
		{3FECA61E-5EE0-4C1C-87B7-F561E52F8B4F}.Debug|ARM.ActiveCfg = Debug|Any CPU
		{3FECA61E-5EE0-4C1C-87B7-F561E52F8B4F}.Debug|ARM.Build.0 = Debug|Any CPU
		{3FECA61E-5EE0-4C1C-87B7-F561E52F8B4F}.Debug|x64.ActiveCfg = Debug|Any CPU
		{3FECA61E-5EE0-4C1C-87B7-F561E52F8B4F}.Debug|x64.Build.0 = Debug|Any CPU
		{3FECA61E-5EE0-4C1C-87B7-F561E52F8B4F}.Debug|x86.ActiveCfg = Debug|Any CPU
		{3FECA61E-5EE0-4C1C-87B7-F561E52F8B4F}.Debug|x86.Build.0 = Debug|Any CPU
		{3FECA61E-5EE0-4C1C-87B7-F561E52F8B4F}.Release|Any CPU.ActiveCfg = Release|Any CPU
		{3FECA61E-5EE0-4C1C-87B7-F561E52F8B4F}.Release|Any CPU.Build.0 = Release|Any CPU
		{3FECA61E-5EE0-4C1C-87B7-F561E52F8B4F}.Release|ARM.ActiveCfg = Release|Any CPU
		{3FECA61E-5EE0-4C1C-87B7-F561E52F8B4F}.Release|ARM.Build.0 = Release|Any CPU
		{3FECA61E-5EE0-4C1C-87B7-F561E52F8B4F}.Release|x64.ActiveCfg = Release|Any CPU
		{3FECA61E-5EE0-4C1C-87B7-F561E52F8B4F}.Release|x64.Build.0 = Release|Any CPU
		{3FECA61E-5EE0-4C1C-87B7-F561E52F8B4F}.Release|x86.ActiveCfg = Release|Any CPU
		{3FECA61E-5EE0-4C1C-87B7-F561E52F8B4F}.Release|x86.Build.0 = Release|Any CPU
		{13E62362-5D00-418F-83FF-99B2699746D7}.Debug|Any CPU.ActiveCfg = Debug|Any CPU
		{13E62362-5D00-418F-83FF-99B2699746D7}.Debug|Any CPU.Build.0 = Debug|Any CPU
		{13E62362-5D00-418F-83FF-99B2699746D7}.Debug|ARM.ActiveCfg = Debug|Any CPU
		{13E62362-5D00-418F-83FF-99B2699746D7}.Debug|ARM.Build.0 = Debug|Any CPU
		{13E62362-5D00-418F-83FF-99B2699746D7}.Debug|x64.ActiveCfg = Debug|Any CPU
		{13E62362-5D00-418F-83FF-99B2699746D7}.Debug|x64.Build.0 = Debug|Any CPU
		{13E62362-5D00-418F-83FF-99B2699746D7}.Debug|x86.ActiveCfg = Debug|Any CPU
		{13E62362-5D00-418F-83FF-99B2699746D7}.Debug|x86.Build.0 = Debug|Any CPU
		{13E62362-5D00-418F-83FF-99B2699746D7}.Release|Any CPU.ActiveCfg = Release|Any CPU
		{13E62362-5D00-418F-83FF-99B2699746D7}.Release|Any CPU.Build.0 = Release|Any CPU
		{13E62362-5D00-418F-83FF-99B2699746D7}.Release|ARM.ActiveCfg = Release|Any CPU
		{13E62362-5D00-418F-83FF-99B2699746D7}.Release|ARM.Build.0 = Release|Any CPU
		{13E62362-5D00-418F-83FF-99B2699746D7}.Release|x64.ActiveCfg = Release|Any CPU
		{13E62362-5D00-418F-83FF-99B2699746D7}.Release|x64.Build.0 = Release|Any CPU
		{13E62362-5D00-418F-83FF-99B2699746D7}.Release|x86.ActiveCfg = Release|Any CPU
		{13E62362-5D00-418F-83FF-99B2699746D7}.Release|x86.Build.0 = Release|Any CPU
		{5B85E2D7-2005-4496-B5D7-59C68A1EC91D}.Debug|Any CPU.ActiveCfg = Debug|Any CPU
		{5B85E2D7-2005-4496-B5D7-59C68A1EC91D}.Debug|Any CPU.Build.0 = Debug|Any CPU
		{5B85E2D7-2005-4496-B5D7-59C68A1EC91D}.Debug|ARM.ActiveCfg = Debug|Any CPU
		{5B85E2D7-2005-4496-B5D7-59C68A1EC91D}.Debug|ARM.Build.0 = Debug|Any CPU
		{5B85E2D7-2005-4496-B5D7-59C68A1EC91D}.Debug|x64.ActiveCfg = Debug|Any CPU
		{5B85E2D7-2005-4496-B5D7-59C68A1EC91D}.Debug|x64.Build.0 = Debug|Any CPU
		{5B85E2D7-2005-4496-B5D7-59C68A1EC91D}.Debug|x86.ActiveCfg = Debug|Any CPU
		{5B85E2D7-2005-4496-B5D7-59C68A1EC91D}.Debug|x86.Build.0 = Debug|Any CPU
		{5B85E2D7-2005-4496-B5D7-59C68A1EC91D}.Release|Any CPU.ActiveCfg = Release|Any CPU
		{5B85E2D7-2005-4496-B5D7-59C68A1EC91D}.Release|Any CPU.Build.0 = Release|Any CPU
		{5B85E2D7-2005-4496-B5D7-59C68A1EC91D}.Release|ARM.ActiveCfg = Release|Any CPU
		{5B85E2D7-2005-4496-B5D7-59C68A1EC91D}.Release|ARM.Build.0 = Release|Any CPU
		{5B85E2D7-2005-4496-B5D7-59C68A1EC91D}.Release|x64.ActiveCfg = Release|Any CPU
		{5B85E2D7-2005-4496-B5D7-59C68A1EC91D}.Release|x64.Build.0 = Release|Any CPU
		{5B85E2D7-2005-4496-B5D7-59C68A1EC91D}.Release|x86.ActiveCfg = Release|Any CPU
		{5B85E2D7-2005-4496-B5D7-59C68A1EC91D}.Release|x86.Build.0 = Release|Any CPU
		{3352012E-4C2B-41E0-8254-41B8FF8719BD}.Debug|Any CPU.ActiveCfg = Debug|Any CPU
		{3352012E-4C2B-41E0-8254-41B8FF8719BD}.Debug|Any CPU.Build.0 = Debug|Any CPU
		{3352012E-4C2B-41E0-8254-41B8FF8719BD}.Debug|ARM.ActiveCfg = Debug|Any CPU
		{3352012E-4C2B-41E0-8254-41B8FF8719BD}.Debug|ARM.Build.0 = Debug|Any CPU
		{3352012E-4C2B-41E0-8254-41B8FF8719BD}.Debug|x64.ActiveCfg = Debug|Any CPU
		{3352012E-4C2B-41E0-8254-41B8FF8719BD}.Debug|x64.Build.0 = Debug|Any CPU
		{3352012E-4C2B-41E0-8254-41B8FF8719BD}.Debug|x86.ActiveCfg = Debug|Any CPU
		{3352012E-4C2B-41E0-8254-41B8FF8719BD}.Debug|x86.Build.0 = Debug|Any CPU
		{3352012E-4C2B-41E0-8254-41B8FF8719BD}.Release|Any CPU.ActiveCfg = Release|Any CPU
		{3352012E-4C2B-41E0-8254-41B8FF8719BD}.Release|Any CPU.Build.0 = Release|Any CPU
		{3352012E-4C2B-41E0-8254-41B8FF8719BD}.Release|ARM.ActiveCfg = Release|Any CPU
		{3352012E-4C2B-41E0-8254-41B8FF8719BD}.Release|ARM.Build.0 = Release|Any CPU
		{3352012E-4C2B-41E0-8254-41B8FF8719BD}.Release|x64.ActiveCfg = Release|Any CPU
		{3352012E-4C2B-41E0-8254-41B8FF8719BD}.Release|x64.Build.0 = Release|Any CPU
		{3352012E-4C2B-41E0-8254-41B8FF8719BD}.Release|x86.ActiveCfg = Release|Any CPU
		{3352012E-4C2B-41E0-8254-41B8FF8719BD}.Release|x86.Build.0 = Release|Any CPU
		{01CAA527-3191-45EE-B28B-3FAA8DEDC69A}.Debug|Any CPU.ActiveCfg = Debug|Any CPU
		{01CAA527-3191-45EE-B28B-3FAA8DEDC69A}.Debug|Any CPU.Build.0 = Debug|Any CPU
		{01CAA527-3191-45EE-B28B-3FAA8DEDC69A}.Debug|ARM.ActiveCfg = Debug|Any CPU
		{01CAA527-3191-45EE-B28B-3FAA8DEDC69A}.Debug|ARM.Build.0 = Debug|Any CPU
		{01CAA527-3191-45EE-B28B-3FAA8DEDC69A}.Debug|x64.ActiveCfg = Debug|Any CPU
		{01CAA527-3191-45EE-B28B-3FAA8DEDC69A}.Debug|x64.Build.0 = Debug|Any CPU
		{01CAA527-3191-45EE-B28B-3FAA8DEDC69A}.Debug|x86.ActiveCfg = Debug|Any CPU
		{01CAA527-3191-45EE-B28B-3FAA8DEDC69A}.Debug|x86.Build.0 = Debug|Any CPU
		{01CAA527-3191-45EE-B28B-3FAA8DEDC69A}.Release|Any CPU.ActiveCfg = Release|Any CPU
		{01CAA527-3191-45EE-B28B-3FAA8DEDC69A}.Release|Any CPU.Build.0 = Release|Any CPU
		{01CAA527-3191-45EE-B28B-3FAA8DEDC69A}.Release|ARM.ActiveCfg = Release|Any CPU
		{01CAA527-3191-45EE-B28B-3FAA8DEDC69A}.Release|ARM.Build.0 = Release|Any CPU
		{01CAA527-3191-45EE-B28B-3FAA8DEDC69A}.Release|x64.ActiveCfg = Release|Any CPU
		{01CAA527-3191-45EE-B28B-3FAA8DEDC69A}.Release|x64.Build.0 = Release|Any CPU
		{01CAA527-3191-45EE-B28B-3FAA8DEDC69A}.Release|x86.ActiveCfg = Release|Any CPU
		{01CAA527-3191-45EE-B28B-3FAA8DEDC69A}.Release|x86.Build.0 = Release|Any CPU
	EndGlobalSection
	GlobalSection(SolutionProperties) = preSolution
		HideSolutionNode = FALSE
	EndGlobalSection
EndGlobal
